// !$*UTF8*$!
{
	archiveVersion = 1;
	classes = {
	};
	objectVersion = 46;
	objects = {

/* Begin PBXBuildFile section */
		63F3000617104ABB00467443 /* UIKit.framework in Frameworks */ = {isa = PBXBuildFile; fileRef = 63F3000517104ABB00467443 /* UIKit.framework */; };
		63F3000817104ABB00467443 /* Foundation.framework in Frameworks */ = {isa = PBXBuildFile; fileRef = 63F3000717104ABB00467443 /* Foundation.framework */; };
		63F3000A17104ABB00467443 /* CoreGraphics.framework in Frameworks */ = {isa = PBXBuildFile; fileRef = 63F3000917104ABB00467443 /* CoreGraphics.framework */; };
		63F3001017104ABB00467443 /* InfoPlist.strings in Resources */ = {isa = PBXBuildFile; fileRef = 63F3000E17104ABB00467443 /* InfoPlist.strings */; };
		63F3001217104ABB00467443 /* main.m in Sources */ = {isa = PBXBuildFile; fileRef = 63F3001117104ABB00467443 /* main.m */; };
		63F3001617104ABB00467443 /* AppDelegate.m in Sources */ = {isa = PBXBuildFile; fileRef = 63F3001517104ABB00467443 /* AppDelegate.m */; };
		63F3001817104ABB00467443 /* Default.png in Resources */ = {isa = PBXBuildFile; fileRef = 63F3001717104ABB00467443 /* Default.png */; };
		63F3001A17104ABB00467443 /* Default@2x.png in Resources */ = {isa = PBXBuildFile; fileRef = 63F3001917104ABB00467443 /* Default@2x.png */; };
		63F3001C17104ABB00467443 /* Default-568h@2x.png in Resources */ = {isa = PBXBuildFile; fileRef = 63F3001B17104ABB00467443 /* Default-568h@2x.png */; };
		63F3001F17104ABB00467443 /* MainStoryboard_iPhone.storyboard in Resources */ = {isa = PBXBuildFile; fileRef = 63F3001D17104ABB00467443 /* MainStoryboard_iPhone.storyboard */; };
		63F3002217104ABC00467443 /* MainStoryboard_iPad.storyboard in Resources */ = {isa = PBXBuildFile; fileRef = 63F3002017104ABC00467443 /* MainStoryboard_iPad.storyboard */; };
		63F3002C17104AD400467443 /* CoreData.framework in Frameworks */ = {isa = PBXBuildFile; fileRef = 63F3002B17104AD400467443 /* CoreData.framework */; };
		63F3002F17104B4700467443 /* CoreDataSPoT.xcdatamodeld in Sources */ = {isa = PBXBuildFile; fileRef = 63F3002D17104B4700467443 /* CoreDataSPoT.xcdatamodeld */; };
		63F300331710613E00467443 /* CoreDataTableViewController.m in Sources */ = {isa = PBXBuildFile; fileRef = 63F300321710613E00467443 /* CoreDataTableViewController.m */; };
		63F300381710617700467443 /* FlickrFetcher.m in Sources */ = {isa = PBXBuildFile; fileRef = 63F300371710617700467443 /* FlickrFetcher.m */; };
		63F3003E1710623200467443 /* ImageViewController.m in Sources */ = {isa = PBXBuildFile; fileRef = 63F3003B1710623200467443 /* ImageViewController.m */; };
		63F3003F1710623200467443 /* FlickrImageViewController.m in Sources */ = {isa = PBXBuildFile; fileRef = 63F3003D1710623200467443 /* FlickrImageViewController.m */; };
		63F300421710626700467443 /* AttributedStringViewController.m in Sources */ = {isa = PBXBuildFile; fileRef = 63F300411710626700467443 /* AttributedStringViewController.m */; };
		63F30046171062A000467443 /* stopwatch.png in Resources */ = {isa = PBXBuildFile; fileRef = 63F30044171062A000467443 /* stopwatch.png */; };
		63F30047171062A000467443 /* photo.png in Resources */ = {isa = PBXBuildFile; fileRef = 63F30045171062A000467443 /* photo.png */; };
		63F3004B171062D500467443 /* NetworkIndicatorHelper.m in Sources */ = {isa = PBXBuildFile; fileRef = 63F3004A171062D500467443 /* NetworkIndicatorHelper.m */; };
		63F30057171063AF00467443 /* RecentPhoto.m in Sources */ = {isa = PBXBuildFile; fileRef = 63F30056171063AF00467443 /* RecentPhoto.m */; };
		63F3005A171063AF00467443 /* Category.m in Sources */ = {isa = PBXBuildFile; fileRef = 63F30059171063AF00467443 /* Category.m */; };
		63F3005D171063AF00467443 /* Photo.m in Sources */ = {isa = PBXBuildFile; fileRef = 63F3005C171063AF00467443 /* Photo.m */; };
/* End PBXBuildFile section */

/* Begin PBXFileReference section */
		63F3000217104ABB00467443 /* Core Data SPoT.app */ = {isa = PBXFileReference; explicitFileType = wrapper.application; includeInIndex = 0; path = "Core Data SPoT.app"; sourceTree = BUILT_PRODUCTS_DIR; };
		63F3000517104ABB00467443 /* UIKit.framework */ = {isa = PBXFileReference; lastKnownFileType = wrapper.framework; name = UIKit.framework; path = System/Library/Frameworks/UIKit.framework; sourceTree = SDKROOT; };
		63F3000717104ABB00467443 /* Foundation.framework */ = {isa = PBXFileReference; lastKnownFileType = wrapper.framework; name = Foundation.framework; path = System/Library/Frameworks/Foundation.framework; sourceTree = SDKROOT; };
		63F3000917104ABB00467443 /* CoreGraphics.framework */ = {isa = PBXFileReference; lastKnownFileType = wrapper.framework; name = CoreGraphics.framework; path = System/Library/Frameworks/CoreGraphics.framework; sourceTree = SDKROOT; };
		63F3000D17104ABB00467443 /* Core Data SPoT-Info.plist */ = {isa = PBXFileReference; lastKnownFileType = text.plist.xml; path = "Core Data SPoT-Info.plist"; sourceTree = "<group>"; };
		63F3000F17104ABB00467443 /* en */ = {isa = PBXFileReference; lastKnownFileType = text.plist.strings; name = en; path = en.lproj/InfoPlist.strings; sourceTree = "<group>"; };
		63F3001117104ABB00467443 /* main.m */ = {isa = PBXFileReference; lastKnownFileType = sourcecode.c.objc; path = main.m; sourceTree = "<group>"; };
		63F3001317104ABB00467443 /* Core Data SPoT-Prefix.pch */ = {isa = PBXFileReference; lastKnownFileType = sourcecode.c.h; path = "Core Data SPoT-Prefix.pch"; sourceTree = "<group>"; };
		63F3001417104ABB00467443 /* AppDelegate.h */ = {isa = PBXFileReference; lastKnownFileType = sourcecode.c.h; path = AppDelegate.h; sourceTree = "<group>"; };
		63F3001517104ABB00467443 /* AppDelegate.m */ = {isa = PBXFileReference; lastKnownFileType = sourcecode.c.objc; path = AppDelegate.m; sourceTree = "<group>"; };
		63F3001717104ABB00467443 /* Default.png */ = {isa = PBXFileReference; lastKnownFileType = image.png; path = Default.png; sourceTree = "<group>"; };
		63F3001917104ABB00467443 /* Default@2x.png */ = {isa = PBXFileReference; lastKnownFileType = image.png; path = "Default@2x.png"; sourceTree = "<group>"; };
		63F3001B17104ABB00467443 /* Default-568h@2x.png */ = {isa = PBXFileReference; lastKnownFileType = image.png; path = "Default-568h@2x.png"; sourceTree = "<group>"; };
		63F3001E17104ABB00467443 /* en */ = {isa = PBXFileReference; lastKnownFileType = file.storyboard; name = en; path = en.lproj/MainStoryboard_iPhone.storyboard; sourceTree = "<group>"; };
		63F3002117104ABC00467443 /* en */ = {isa = PBXFileReference; lastKnownFileType = file.storyboard; name = en; path = en.lproj/MainStoryboard_iPad.storyboard; sourceTree = "<group>"; };
		63F3002B17104AD400467443 /* CoreData.framework */ = {isa = PBXFileReference; lastKnownFileType = wrapper.framework; name = CoreData.framework; path = System/Library/Frameworks/CoreData.framework; sourceTree = SDKROOT; };
		63F3002E17104B4700467443 /* CoreDataSPoT.xcdatamodel */ = {isa = PBXFileReference; lastKnownFileType = wrapper.xcdatamodel; path = CoreDataSPoT.xcdatamodel; sourceTree = "<group>"; };
		63F300311710613E00467443 /* CoreDataTableViewController.h */ = {isa = PBXFileReference; fileEncoding = 4; lastKnownFileType = sourcecode.c.h; path = CoreDataTableViewController.h; sourceTree = "<group>"; };
		63F300321710613E00467443 /* CoreDataTableViewController.m */ = {isa = PBXFileReference; fileEncoding = 4; lastKnownFileType = sourcecode.c.objc; path = CoreDataTableViewController.m; sourceTree = "<group>"; };
		63F300351710617700467443 /* FlickrAPIKey.h */ = {isa = PBXFileReference; fileEncoding = 4; lastKnownFileType = sourcecode.c.h; path = FlickrAPIKey.h; sourceTree = "<group>"; };
		63F300361710617700467443 /* FlickrFetcher.h */ = {isa = PBXFileReference; fileEncoding = 4; lastKnownFileType = sourcecode.c.h; path = FlickrFetcher.h; sourceTree = "<group>"; };
		63F300371710617700467443 /* FlickrFetcher.m */ = {isa = PBXFileReference; fileEncoding = 4; lastKnownFileType = sourcecode.c.objc; path = FlickrFetcher.m; sourceTree = "<group>"; };
		63F3003A1710623200467443 /* ImageViewController.h */ = {isa = PBXFileReference; fileEncoding = 4; lastKnownFileType = sourcecode.c.h; path = ImageViewController.h; sourceTree = "<group>"; };
		63F3003B1710623200467443 /* ImageViewController.m */ = {isa = PBXFileReference; fileEncoding = 4; lastKnownFileType = sourcecode.c.objc; path = ImageViewController.m; sourceTree = "<group>"; };
		63F3003C1710623200467443 /* FlickrImageViewController.h */ = {isa = PBXFileReference; fileEncoding = 4; lastKnownFileType = sourcecode.c.h; path = FlickrImageViewController.h; sourceTree = "<group>"; };
		63F3003D1710623200467443 /* FlickrImageViewController.m */ = {isa = PBXFileReference; fileEncoding = 4; lastKnownFileType = sourcecode.c.objc; path = FlickrImageViewController.m; sourceTree = "<group>"; };
		63F300401710626700467443 /* AttributedStringViewController.h */ = {isa = PBXFileReference; fileEncoding = 4; lastKnownFileType = sourcecode.c.h; path = AttributedStringViewController.h; sourceTree = "<group>"; };
		63F300411710626700467443 /* AttributedStringViewController.m */ = {isa = PBXFileReference; fileEncoding = 4; lastKnownFileType = sourcecode.c.objc; path = AttributedStringViewController.m; sourceTree = "<group>"; };
		63F30044171062A000467443 /* stopwatch.png */ = {isa = PBXFileReference; lastKnownFileType = image.png; path = stopwatch.png; sourceTree = "<group>"; };
		63F30045171062A000467443 /* photo.png */ = {isa = PBXFileReference; lastKnownFileType = image.png; path = photo.png; sourceTree = "<group>"; };
		63F30049171062D500467443 /* NetworkIndicatorHelper.h */ = {isa = PBXFileReference; fileEncoding = 4; lastKnownFileType = sourcecode.c.h; path = NetworkIndicatorHelper.h; sourceTree = "<group>"; };
		63F3004A171062D500467443 /* NetworkIndicatorHelper.m */ = {isa = PBXFileReference; fileEncoding = 4; lastKnownFileType = sourcecode.c.objc; path = NetworkIndicatorHelper.m; sourceTree = "<group>"; };
		63F30055171063AF00467443 /* RecentPhoto.h */ = {isa = PBXFileReference; fileEncoding = 4; lastKnownFileType = sourcecode.c.h; path = RecentPhoto.h; sourceTree = "<group>"; };
		63F30056171063AF00467443 /* RecentPhoto.m */ = {isa = PBXFileReference; fileEncoding = 4; lastKnownFileType = sourcecode.c.objc; path = RecentPhoto.m; sourceTree = "<group>"; };
		63F30058171063AF00467443 /* Category.h */ = {isa = PBXFileReference; fileEncoding = 4; lastKnownFileType = sourcecode.c.h; path = Category.h; sourceTree = "<group>"; };
		63F30059171063AF00467443 /* Category.m */ = {isa = PBXFileReference; fileEncoding = 4; lastKnownFileType = sourcecode.c.objc; path = Category.m; sourceTree = "<group>"; };
		63F3005B171063AF00467443 /* Photo.h */ = {isa = PBXFileReference; fileEncoding = 4; lastKnownFileType = sourcecode.c.h; path = Photo.h; sourceTree = "<group>"; };
		63F3005C171063AF00467443 /* Photo.m */ = {isa = PBXFileReference; fileEncoding = 4; lastKnownFileType = sourcecode.c.objc; path = Photo.m; sourceTree = "<group>"; };
/* End PBXFileReference section */

/* Begin PBXFrameworksBuildPhase section */
		63F3FFFF17104ABB00467443 /* Frameworks */ = {
			isa = PBXFrameworksBuildPhase;
			buildActionMask = 2147483647;
			files = (
				63F3002C17104AD400467443 /* CoreData.framework in Frameworks */,
				63F3000617104ABB00467443 /* UIKit.framework in Frameworks */,
				63F3000817104ABB00467443 /* Foundation.framework in Frameworks */,
				63F3000A17104ABB00467443 /* CoreGraphics.framework in Frameworks */,
			);
			runOnlyForDeploymentPostprocessing = 0;
		};
/* End PBXFrameworksBuildPhase section */

/* Begin PBXGroup section */
		63F3000317104ABB00467443 /* Products */ = {
			isa = PBXGroup;
			children = (
				63F3000217104ABB00467443 /* Core Data SPoT.app */,
			);
			name = Products;
			sourceTree = "<group>";
		};
		63F3000417104ABB00467443 /* Frameworks */ = {
			isa = PBXGroup;
			children = (
				63F3002B17104AD400467443 /* CoreData.framework */,
				63F3000517104ABB00467443 /* UIKit.framework */,
				63F3000717104ABB00467443 /* Foundation.framework */,
				63F3000917104ABB00467443 /* CoreGraphics.framework */,
			);
			name = Frameworks;
			sourceTree = "<group>";
		};
		63F3000B17104ABB00467443 /* Core Data SPoT */ = {
			isa = PBXGroup;
			children = (
				63F3001D17104ABB00467443 /* MainStoryboard_iPhone.storyboard */,
				63F3002017104ABC00467443 /* MainStoryboard_iPad.storyboard */,
				63F3003017104B5F00467443 /* Core Data */,
				63F300391710621E00467443 /* ImageViewController */,
				63F300431710627F00467443 /* Assets */,
				63F300341710616300467443 /* FlickrFetcher */,
				63F30048171062C200467443 /* NetworkIndicatorHelper */,
				63F3000C17104ABB00467443 /* Supporting Files */,
			);
			path = "Core Data SPoT";
			sourceTree = "<group>";
		};
		63F3000C17104ABB00467443 /* Supporting Files */ = {
			isa = PBXGroup;
			children = (
				63F3001417104ABB00467443 /* AppDelegate.h */,
				63F3001517104ABB00467443 /* AppDelegate.m */,
				63F3000D17104ABB00467443 /* Core Data SPoT-Info.plist */,
				63F3000E17104ABB00467443 /* InfoPlist.strings */,
				63F3001117104ABB00467443 /* main.m */,
				63F3001317104ABB00467443 /* Core Data SPoT-Prefix.pch */,
				63F3001717104ABB00467443 /* Default.png */,
				63F3001917104ABB00467443 /* Default@2x.png */,
				63F3001B17104ABB00467443 /* Default-568h@2x.png */,
			);
			name = "Supporting Files";
			sourceTree = "<group>";
		};
		63F3003017104B5F00467443 /* Core Data */ = {
			isa = PBXGroup;
			children = (
				63F300311710613E00467443 /* CoreDataTableViewController.h */,
				63F300321710613E00467443 /* CoreDataTableViewController.m */,
				63F30055171063AF00467443 /* RecentPhoto.h */,
				63F30056171063AF00467443 /* RecentPhoto.m */,
				63F3005B171063AF00467443 /* Photo.h */,
				63F3005C171063AF00467443 /* Photo.m */,
				63F30058171063AF00467443 /* Category.h */,
				63F30059171063AF00467443 /* Category.m */,
				63F3002D17104B4700467443 /* CoreDataSPoT.xcdatamodeld */,
			);
			name = "Core Data";
			sourceTree = "<group>";
		};
		63F300341710616300467443 /* FlickrFetcher */ = {
			isa = PBXGroup;
			children = (
				63F300351710617700467443 /* FlickrAPIKey.h */,
				63F300361710617700467443 /* FlickrFetcher.h */,
				63F300371710617700467443 /* FlickrFetcher.m */,
			);
			name = FlickrFetcher;
			sourceTree = "<group>";
		};
		63F300391710621E00467443 /* ImageViewController */ = {
			isa = PBXGroup;
			children = (
				63F300401710626700467443 /* AttributedStringViewController.h */,
				63F300411710626700467443 /* AttributedStringViewController.m */,
				63F3003A1710623200467443 /* ImageViewController.h */,
				63F3003B1710623200467443 /* ImageViewController.m */,
				63F3003C1710623200467443 /* FlickrImageViewController.h */,
				63F3003D1710623200467443 /* FlickrImageViewController.m */,
			);
			name = ImageViewController;
			sourceTree = "<group>";
		};
		63F300431710627F00467443 /* Assets */ = {
			isa = PBXGroup;
			children = (
				63F30044171062A000467443 /* stopwatch.png */,
				63F30045171062A000467443 /* photo.png */,
			);
			name = Assets;
			sourceTree = "<group>";
		};
		63F30048171062C200467443 /* NetworkIndicatorHelper */ = {
			isa = PBXGroup;
			children = (
				63F30049171062D500467443 /* NetworkIndicatorHelper.h */,
				63F3004A171062D500467443 /* NetworkIndicatorHelper.m */,
			);
			name = NetworkIndicatorHelper;
			sourceTree = "<group>";
		};
		63F3FFF917104ABB00467443 = {
			isa = PBXGroup;
			children = (
				63F3000B17104ABB00467443 /* Core Data SPoT */,
				63F3000417104ABB00467443 /* Frameworks */,
				63F3000317104ABB00467443 /* Products */,
			);
			sourceTree = "<group>";
		};
/* End PBXGroup section */

/* Begin PBXNativeTarget section */
		63F3000117104ABB00467443 /* Core Data SPoT */ = {
			isa = PBXNativeTarget;
			buildConfigurationList = 63F3002817104ABC00467443 /* Build configuration list for PBXNativeTarget "Core Data SPoT" */;
			buildPhases = (
				63F3FFFE17104ABB00467443 /* Sources */,
				63F3FFFF17104ABB00467443 /* Frameworks */,
				63F3000017104ABB00467443 /* Resources */,
			);
			buildRules = (
			);
			dependencies = (
			);
			name = "Core Data SPoT";
			productName = "Core Data SPoT";
			productReference = 63F3000217104ABB00467443 /* Core Data SPoT.app */;
			productType = "com.apple.product-type.application";
		};
/* End PBXNativeTarget section */

/* Begin PBXProject section */
		63F3FFFA17104ABB00467443 /* Project object */ = {
			isa = PBXProject;
			attributes = {
				LastUpgradeCheck = 0460;
				ORGANIZATIONNAME = "Michael Bopp";
			};
			buildConfigurationList = 63F3FFFD17104ABB00467443 /* Build configuration list for PBXProject "Core Data SPoT" */;
			compatibilityVersion = "Xcode 3.2";
			developmentRegion = English;
			hasScannedForEncodings = 0;
			knownRegions = (
				en,
			);
			mainGroup = 63F3FFF917104ABB00467443;
			productRefGroup = 63F3000317104ABB00467443 /* Products */;
			projectDirPath = "";
			projectRoot = "";
			targets = (
				63F3000117104ABB00467443 /* Core Data SPoT */,
			);
		};
/* End PBXProject section */

/* Begin PBXResourcesBuildPhase section */
		63F3000017104ABB00467443 /* Resources */ = {
			isa = PBXResourcesBuildPhase;
			buildActionMask = 2147483647;
			files = (
				63F3001017104ABB00467443 /* InfoPlist.strings in Resources */,
				63F3001817104ABB00467443 /* Default.png in Resources */,
				63F3001A17104ABB00467443 /* Default@2x.png in Resources */,
				63F3001C17104ABB00467443 /* Default-568h@2x.png in Resources */,
				63F3001F17104ABB00467443 /* MainStoryboard_iPhone.storyboard in Resources */,
				63F3002217104ABC00467443 /* MainStoryboard_iPad.storyboard in Resources */,
				63F30046171062A000467443 /* stopwatch.png in Resources */,
				63F30047171062A000467443 /* photo.png in Resources */,
			);
			runOnlyForDeploymentPostprocessing = 0;
		};
/* End PBXResourcesBuildPhase section */

/* Begin PBXSourcesBuildPhase section */
		63F3FFFE17104ABB00467443 /* Sources */ = {
			isa = PBXSourcesBuildPhase;
			buildActionMask = 2147483647;
			files = (
				63F3001217104ABB00467443 /* main.m in Sources */,
				63F3001617104ABB00467443 /* AppDelegate.m in Sources */,
				63F3002F17104B4700467443 /* CoreDataSPoT.xcdatamodeld in Sources */,
				63F300331710613E00467443 /* CoreDataTableViewController.m in Sources */,
				63F300381710617700467443 /* FlickrFetcher.m in Sources */,
				63F3003E1710623200467443 /* ImageViewController.m in Sources */,
				63F3003F1710623200467443 /* FlickrImageViewController.m in Sources */,
				63F300421710626700467443 /* AttributedStringViewController.m in Sources */,
				63F3004B171062D500467443 /* NetworkIndicatorHelper.m in Sources */,
				63F30057171063AF00467443 /* RecentPhoto.m in Sources */,
				63F3005A171063AF00467443 /* Category.m in Sources */,
				63F3005D171063AF00467443 /* Photo.m in Sources */,
			);
			runOnlyForDeploymentPostprocessing = 0;
		};
/* End PBXSourcesBuildPhase section */

/* Begin PBXVariantGroup section */
		63F3000E17104ABB00467443 /* InfoPlist.strings */ = {
			isa = PBXVariantGroup;
			children = (
				63F3000F17104ABB00467443 /* en */,
			);
			name = InfoPlist.strings;
			sourceTree = "<group>";
		};
		63F3001D17104ABB00467443 /* MainStoryboard_iPhone.storyboard */ = {
			isa = PBXVariantGroup;
			children = (
				63F3001E17104ABB00467443 /* en */,
			);
			name = MainStoryboard_iPhone.storyboard;
			sourceTree = "<group>";
		};
		63F3002017104ABC00467443 /* MainStoryboard_iPad.storyboard */ = {
			isa = PBXVariantGroup;
			children = (
				63F3002117104ABC00467443 /* en */,
			);
			name = MainStoryboard_iPad.storyboard;
			sourceTree = "<group>";
		};
/* End PBXVariantGroup section */

/* Begin XCBuildConfiguration section */
		63F3002617104ABC00467443 /* Debug */ = {
			isa = XCBuildConfiguration;
			buildSettings = {
				ALWAYS_SEARCH_USER_PATHS = NO;
				CLANG_CXX_LANGUAGE_STANDARD = "gnu++0x";
				CLANG_CXX_LIBRARY = "libc++";
				CLANG_ENABLE_OBJC_ARC = YES;
				CLANG_WARN_CONSTANT_CONVERSION = YES;
				CLANG_WARN_EMPTY_BODY = YES;
				CLANG_WARN_ENUM_CONVERSION = YES;
				CLANG_WARN_INT_CONVERSION = YES;
				CLANG_WARN__DUPLICATE_METHOD_MATCH = YES;
				"CODE_SIGN_IDENTITY[sdk=iphoneos*]" = "iPhone Developer";
				COPY_PHASE_STRIP = NO;
				GCC_C_LANGUAGE_STANDARD = gnu99;
				GCC_DYNAMIC_NO_PIC = NO;
				GCC_OPTIMIZATION_LEVEL = 0;
				GCC_PREPROCESSOR_DEFINITIONS = (
					"DEBUG=1",
					"$(inherited)",
				);
				GCC_SYMBOLS_PRIVATE_EXTERN = NO;
				GCC_WARN_ABOUT_RETURN_TYPE = YES;
				GCC_WARN_UNINITIALIZED_AUTOS = YES;
				GCC_WARN_UNUSED_VARIABLE = YES;
				IPHONEOS_DEPLOYMENT_TARGET = 6.1;
				ONLY_ACTIVE_ARCH = YES;
				SDKROOT = iphoneos;
				TARGETED_DEVICE_FAMILY = "1,2";
			};
			name = Debug;
		};
		63F3002717104ABC00467443 /* Release */ = {
			isa = XCBuildConfiguration;
			buildSettings = {
				ALWAYS_SEARCH_USER_PATHS = NO;
				CLANG_CXX_LANGUAGE_STANDARD = "gnu++0x";
				CLANG_CXX_LIBRARY = "libc++";
				CLANG_ENABLE_OBJC_ARC = YES;
				CLANG_WARN_CONSTANT_CONVERSION = YES;
				CLANG_WARN_EMPTY_BODY = YES;
				CLANG_WARN_ENUM_CONVERSION = YES;
				CLANG_WARN_INT_CONVERSION = YES;
				CLANG_WARN__DUPLICATE_METHOD_MATCH = YES;
				"CODE_SIGN_IDENTITY[sdk=iphoneos*]" = "iPhone Developer";
				COPY_PHASE_STRIP = YES;
				GCC_C_LANGUAGE_STANDARD = gnu99;
				GCC_WARN_ABOUT_RETURN_TYPE = YES;
				GCC_WARN_UNINITIALIZED_AUTOS = YES;
				GCC_WARN_UNUSED_VARIABLE = YES;
				IPHONEOS_DEPLOYMENT_TARGET = 6.1;
				OTHER_CFLAGS = "-DNS_BLOCK_ASSERTIONS=1";
				SDKROOT = iphoneos;
				TARGETED_DEVICE_FAMILY = "1,2";
				VALIDATE_PRODUCT = YES;
			};
			name = Release;
		};
		63F3002917104ABC00467443 /* Debug */ = {
			isa = XCBuildConfiguration;
			buildSettings = {
				GCC_PRECOMPILE_PREFIX_HEADER = YES;
				GCC_PREFIX_HEADER = "Core Data SPoT/Core Data SPoT-Prefix.pch";
				INFOPLIST_FILE = "Core Data SPoT/Core Data SPoT-Info.plist";
				PRODUCT_NAME = "$(TARGET_NAME)";
				WRAPPER_EXTENSION = app;
			};
			name = Debug;
		};
		63F3002A17104ABC00467443 /* Release */ = {
			isa = XCBuildConfiguration;
			buildSettings = {
				GCC_PRECOMPILE_PREFIX_HEADER = YES;
				GCC_PREFIX_HEADER = "Core Data SPoT/Core Data SPoT-Prefix.pch";
				INFOPLIST_FILE = "Core Data SPoT/Core Data SPoT-Info.plist";
				PRODUCT_NAME = "$(TARGET_NAME)";
				WRAPPER_EXTENSION = app;
			};
			name = Release;
		};
/* End XCBuildConfiguration section */

/* Begin XCConfigurationList section */
		63F3002817104ABC00467443 /* Build configuration list for PBXNativeTarget "Core Data SPoT" */ = {
			isa = XCConfigurationList;
			buildConfigurations = (
				63F3002917104ABC00467443 /* Debug */,
				63F3002A17104ABC00467443 /* Release */,
			);
			defaultConfigurationIsVisible = 0;
		};
		63F3FFFD17104ABB00467443 /* Build configuration list for PBXProject "Core Data SPoT" */ = {
			isa = XCConfigurationList;
			buildConfigurations = (
				63F3002617104ABC00467443 /* Debug */,
				63F3002717104ABC00467443 /* Release */,
			);
			defaultConfigurationIsVisible = 0;
			defaultConfigurationName = Release;
		};
/* End XCConfigurationList section */

/* Begin XCVersionGroup section */
		63F3002D17104B4700467443 /* CoreDataSPoT.xcdatamodeld */ = {
			isa = XCVersionGroup;
			children = (
				63F3002E17104B4700467443 /* CoreDataSPoT.xcdatamodel */,
			);
			currentVersion = 63F3002E17104B4700467443 /* CoreDataSPoT.xcdatamodel */;
			name = CoreDataSPoT.xcdatamodeld;
			path = ../CoreDataSPoT.xcdatamodeld;
			sourceTree = "<group>";
			versionGroupType = wrapper.xcdatamodel;
		};
/* End XCVersionGroup section */
	};
	rootObject = 63F3FFFA17104ABB00467443 /* Project object */;
}
